// !$*UTF8*$!
{
	archiveVersion = 1;
	classes = {
	};
	objectVersion = 77;
	objects = {

/* Begin PBXBuildFile section */
		314A817A2F34A0C900E3F3C2 /* momo.png in Resources */ = {isa = PBXBuildFile; fileRef = 314A81772F34A0C900E3F3C2 /* momo.png */; };
		314A817B2F34A0C900E3F3C2 /* DHL.png in Resources */ = {isa = PBXBuildFile; fileRef = 314A81742F34A0C900E3F3C2 /* DHL.png */; };
		314A817C2F34A0C900E3F3C2 /* FEdex.png in Resources */ = {isa = PBXBuildFile; fileRef = 314A81752F34A0C900E3F3C2 /* FEdex.png */; };
		314A817D2F34A0C900E3F3C2 /* 中華郵政.png in Resources */ = {isa = PBXBuildFile; fileRef = 314A816D2F34A0C900E3F3C2 /* 中華郵政.png */; };
		314A817E2F34A0C900E3F3C2 /* 嘉里大榮.png in Resources */ = {isa = PBXBuildFile; fileRef = 314A81722F34A0C900E3F3C2 /* 嘉里大榮.png */; };
		314A817F2F34A0C900E3F3C2 /* 順豐.png in Resources */ = {isa = PBXBuildFile; fileRef = 314A816F2F34A0C900E3F3C2 /* 順豐.png */; };
		314A81802F34A0C900E3F3C2 /* 黑貓.png in Resources */ = {isa = PBXBuildFile; fileRef = 314A81702F34A0C900E3F3C2 /* 黑貓.png */; };
		314A81812F34A0C900E3F3C2 /* Hilife-Logo.png in Resources */ = {isa = PBXBuildFile; fileRef = 314A81762F34A0C900E3F3C2 /* Hilife-Logo.png */; };
		314A81822F34A0C900E3F3C2 /* UPS.png in Resources */ = {isa = PBXBuildFile; fileRef = 314A81792F34A0C900E3F3C2 /* UPS.png */; };
		314A81832F34A0C900E3F3C2 /* 關務署.png in Resources */ = {isa = PBXBuildFile; fileRef = 314A81732F34A0C900E3F3C2 /* 關務署.png */; };
		314A81842F34A0C900E3F3C2 /* PcHome.png in Resources */ = {isa = PBXBuildFile; fileRef = 314A81782F34A0C900E3F3C2 /* PcHome.png */; };
		314A81852F34A0C900E3F3C2 /* 新竹物流.png in Resources */ = {isa = PBXBuildFile; fileRef = 314A81712F34A0C900E3F3C2 /* 新竹物流.png */; };
		314A81862F34A0C900E3F3C2 /* 宅配通.png in Resources */ = {isa = PBXBuildFile; fileRef = 314A816E2F34A0C900E3F3C2 /* 宅配通.png */; };
		3164BEB72F33153F00DD217B /* 7-Eleven-Logo.png in Resources */ = {isa = PBXBuildFile; fileRef = 3164BEB22F33153F00DD217B /* 7-Eleven-Logo.png */; };
		3164BEB82F33153F00DD217B /* Shopee-Logo.png in Resources */ = {isa = PBXBuildFile; fileRef = 3164BEB52F33153F00DD217B /* Shopee-Logo.png */; };
		3164BEB92F33153F00DD217B /* Family-Logo.png in Resources */ = {isa = PBXBuildFile; fileRef = 3164BEB32F33153F00DD217B /* Family-Logo.png */; };
		3164BEBA2F33153F00DD217B /* OKMart-Logo.png in Resources */ = {isa = PBXBuildFile; fileRef = 3164BEB42F33153F00DD217B /* OKMart-Logo.png */; };
		3164BEC62F333B6F00DD217B /* box.png in Resources */ = {isa = PBXBuildFile; fileRef = 3164BEC52F333B6F00DD217B /* box.png */; };
		318658322F3C6F3F00CAC4AC /* StoreKit.framework in Frameworks */ = {isa = PBXBuildFile; fileRef = 318658312F3C6F3F00CAC4AC /* StoreKit.framework */; };
		31C141422F31EF6700EF85BE /* icon.icon in Resources */ = {isa = PBXBuildFile; fileRef = 31C141412F31EF6700EF85BE /* icon.icon */; };
		31FB3D652F39959A00104C5C /* FirebaseAuth in Frameworks */ = {isa = PBXBuildFile; productRef = 31FB3D642F39959A00104C5C /* FirebaseAuth */; };
		31FB3D672F39959A00104C5C /* FirebaseFirestore in Frameworks */ = {isa = PBXBuildFile; productRef = 31FB3D662F39959A00104C5C /* FirebaseFirestore */; };
		31FB3D692F39959A00104C5C /* FirebaseMessaging in Frameworks */ = {isa = PBXBuildFile; productRef = 31FB3D682F39959A00104C5C /* FirebaseMessaging */; };
		32A4D1B92F5B8C4100F6AA01 /* FluidGradient in Frameworks */ = {isa = PBXBuildFile; productRef = 32A4D1BA2F5B8C4100F6AA01 /* FluidGradient */; };
		31FB3D6B2F39967700104C5C /* GoogleService-Info.plist in Resources */ = {isa = PBXBuildFile; fileRef = 31FB3D6A2F39967700104C5C /* GoogleService-Info.plist */; };
/* End PBXBuildFile section */

/* Begin PBXContainerItemProxy section */
		31F66DE72F309B9E0068C3FB /* PBXContainerItemProxy */ = {
			isa = PBXContainerItemProxy;
			containerPortal = 31F66DD12F309B9D0068C3FB /* Project object */;
			proxyType = 1;
			remoteGlobalIDString = 31F66DD82F309B9D0068C3FB;
			remoteInfo = PackageTraker;
		};
		31F66DF12F309B9E0068C3FB /* PBXContainerItemProxy */ = {
			isa = PBXContainerItemProxy;
			containerPortal = 31F66DD12F309B9D0068C3FB /* Project object */;
			proxyType = 1;
			remoteGlobalIDString = 31F66DD82F309B9D0068C3FB;
			remoteInfo = PackageTraker;
		};
/* End PBXContainerItemProxy section */

/* Begin PBXFileReference section */
		314A816D2F34A0C900E3F3C2 /* 中華郵政.png */ = {isa = PBXFileReference; lastKnownFileType = image.png; path = "中華郵政.png"; sourceTree = "<group>"; };
		314A816E2F34A0C900E3F3C2 /* 宅配通.png */ = {isa = PBXFileReference; lastKnownFileType = image.png; path = "宅配通.png"; sourceTree = "<group>"; };
		314A816F2F34A0C900E3F3C2 /* 順豐.png */ = {isa = PBXFileReference; lastKnownFileType = image.png; path = "順豐.png"; sourceTree = "<group>"; };
		314A81702F34A0C900E3F3C2 /* 黑貓.png */ = {isa = PBXFileReference; lastKnownFileType = image.png; path = "黑貓.png"; sourceTree = "<group>"; };
		314A81712F34A0C900E3F3C2 /* 新竹物流.png */ = {isa = PBXFileReference; lastKnownFileType = image.png; path = "新竹物流.png"; sourceTree = "<group>"; };
		314A81722F34A0C900E3F3C2 /* 嘉里大榮.png */ = {isa = PBXFileReference; lastKnownFileType = image.png; path = "嘉里大榮.png"; sourceTree = "<group>"; };
		314A81732F34A0C900E3F3C2 /* 關務署.png */ = {isa = PBXFileReference; lastKnownFileType = image.png; path = "關務署.png"; sourceTree = "<group>"; };
		314A81742F34A0C900E3F3C2 /* DHL.png */ = {isa = PBXFileReference; lastKnownFileType = image.png; path = DHL.png; sourceTree = "<group>"; };
		314A81752F34A0C900E3F3C2 /* FEdex.png */ = {isa = PBXFileReference; lastKnownFileType = image.png; path = FEdex.png; sourceTree = "<group>"; };
		314A81762F34A0C900E3F3C2 /* Hilife-Logo.png */ = {isa = PBXFileReference; lastKnownFileType = image.png; path = "Hilife-Logo.png"; sourceTree = "<group>"; };
		314A81772F34A0C900E3F3C2 /* momo.png */ = {isa = PBXFileReference; lastKnownFileType = image.png; path = momo.png; sourceTree = "<group>"; };
		314A81782F34A0C900E3F3C2 /* PcHome.png */ = {isa = PBXFileReference; lastKnownFileType = image.png; path = PcHome.png; sourceTree = "<group>"; };
		314A81792F34A0C900E3F3C2 /* UPS.png */ = {isa = PBXFileReference; lastKnownFileType = image.png; path = UPS.png; sourceTree = "<group>"; };
		3164BEB22F33153F00DD217B /* 7-Eleven-Logo.png */ = {isa = PBXFileReference; lastKnownFileType = image.png; path = "7-Eleven-Logo.png"; sourceTree = "<group>"; };
		3164BEB32F33153F00DD217B /* Family-Logo.png */ = {isa = PBXFileReference; lastKnownFileType = image.png; path = "Family-Logo.png"; sourceTree = "<group>"; };
		3164BEB42F33153F00DD217B /* OKMart-Logo.png */ = {isa = PBXFileReference; lastKnownFileType = image.png; path = "OKMart-Logo.png"; sourceTree = "<group>"; };
		3164BEB52F33153F00DD217B /* Shopee-Logo.png */ = {isa = PBXFileReference; lastKnownFileType = image.png; path = "Shopee-Logo.png"; sourceTree = "<group>"; };
		3164BEC52F333B6F00DD217B /* box.png */ = {isa = PBXFileReference; lastKnownFileType = image.png; path = box.png; sourceTree = "<group>"; };
		3182A42C2F3D7C5C0038D096 /* Configuration.storekit */ = {isa = PBXFileReference; lastKnownFileType = text; path = Configuration.storekit; sourceTree = "<group>"; };
		318658312F3C6F3F00CAC4AC /* StoreKit.framework */ = {isa = PBXFileReference; lastKnownFileType = wrapper.framework; name = StoreKit.framework; path = System/Library/Frameworks/StoreKit.framework; sourceTree = SDKROOT; };
		31C141412F31EF6700EF85BE /* icon.icon */ = {isa = PBXFileReference; lastKnownFileType = folder.iconcomposer.icon; path = icon.icon; sourceTree = "<group>"; };
		31F66DD92F309B9D0068C3FB /* PackageTraker.app */ = {isa = PBXFileReference; explicitFileType = wrapper.application; includeInIndex = 0; path = PackageTraker.app; sourceTree = BUILT_PRODUCTS_DIR; };
		31F66DE62F309B9E0068C3FB /* PackageTrakerTests.xctest */ = {isa = PBXFileReference; explicitFileType = wrapper.cfbundle; includeInIndex = 0; path = PackageTrakerTests.xctest; sourceTree = BUILT_PRODUCTS_DIR; };
		31F66DF02F309B9E0068C3FB /* PackageTrakerUITests.xctest */ = {isa = PBXFileReference; explicitFileType = wrapper.cfbundle; includeInIndex = 0; path = PackageTrakerUITests.xctest; sourceTree = BUILT_PRODUCTS_DIR; };
		31FB3D6A2F39967700104C5C /* GoogleService-Info.plist */ = {isa = PBXFileReference; lastKnownFileType = text.plist.xml; path = "GoogleService-Info.plist"; sourceTree = "<group>"; };
/* End PBXFileReference section */

/* Begin PBXFileSystemSynchronizedBuildFileExceptionSet section */
		31F66E652F31DEC60068C3FB /* Exceptions for "PackageTraker" folder in "PackageTraker" target */ = {
			isa = PBXFileSystemSynchronizedBuildFileExceptionSet;
			membershipExceptions = (
				Info.plist,
			);
			target = 31F66DD82F309B9D0068C3FB /* PackageTraker */;
		};
/* End PBXFileSystemSynchronizedBuildFileExceptionSet section */

/* Begin PBXFileSystemSynchronizedRootGroup section */
		31F66DDB2F309B9D0068C3FB /* PackageTraker */ = {
			isa = PBXFileSystemSynchronizedRootGroup;
			exceptions = (
				31F66E652F31DEC60068C3FB /* Exceptions for "PackageTraker" folder in "PackageTraker" target */,
			);
			path = PackageTraker;
			sourceTree = "<group>";
		};
		31F66DE92F309B9E0068C3FB /* PackageTrakerTests */ = {
			isa = PBXFileSystemSynchronizedRootGroup;
			path = PackageTrakerTests;
			sourceTree = "<group>";
		};
		31F66DF32F309B9E0068C3FB /* PackageTrakerUITests */ = {
			isa = PBXFileSystemSynchronizedRootGroup;
			path = PackageTrakerUITests;
			sourceTree = "<group>";
		};
		31F66E032F309BA90068C3FB /* File */ = {
			isa = PBXFileSystemSynchronizedRootGroup;
			path = File;
			sourceTree = "<group>";
		};
/* End PBXFileSystemSynchronizedRootGroup section */

/* Begin PBXFrameworksBuildPhase section */
		31F66DD62F309B9D0068C3FB /* Frameworks */ = {
			isa = PBXFrameworksBuildPhase;
			buildActionMask = 2147483647;
			files = (
				32A4D1B92F5B8C4100F6AA01 /* FluidGradient in Frameworks */,
				31FB3D692F39959A00104C5C /* FirebaseMessaging in Frameworks */,
				31FB3D652F39959A00104C5C /* FirebaseAuth in Frameworks */,
				31FB3D672F39959A00104C5C /* FirebaseFirestore in Frameworks */,
				318658322F3C6F3F00CAC4AC /* StoreKit.framework in Frameworks */,
			);
			runOnlyForDeploymentPostprocessing = 0;
		};
		31F66DE32F309B9E0068C3FB /* Frameworks */ = {
			isa = PBXFrameworksBuildPhase;
			buildActionMask = 2147483647;
			files = (
			);
			runOnlyForDeploymentPostprocessing = 0;
		};
		31F66DED2F309B9E0068C3FB /* Frameworks */ = {
			isa = PBXFrameworksBuildPhase;
			buildActionMask = 2147483647;
			files = (
			);
			runOnlyForDeploymentPostprocessing = 0;
		};
/* End PBXFrameworksBuildPhase section */

/* Begin PBXGroup section */
		3164BEB62F33153F00DD217B /* Logo */ = {
			isa = PBXGroup;
			children = (
				314A816D2F34A0C900E3F3C2 /* 中華郵政.png */,
				314A816E2F34A0C900E3F3C2 /* 宅配通.png */,
				314A816F2F34A0C900E3F3C2 /* 順豐.png */,
				314A81702F34A0C900E3F3C2 /* 黑貓.png */,
				314A81712F34A0C900E3F3C2 /* 新竹物流.png */,
				314A81722F34A0C900E3F3C2 /* 嘉里大榮.png */,
				314A81732F34A0C900E3F3C2 /* 關務署.png */,
				314A81742F34A0C900E3F3C2 /* DHL.png */,
				314A81752F34A0C900E3F3C2 /* FEdex.png */,
				314A81762F34A0C900E3F3C2 /* Hilife-Logo.png */,
				314A81772F34A0C900E3F3C2 /* momo.png */,
				314A81782F34A0C900E3F3C2 /* PcHome.png */,
				314A81792F34A0C900E3F3C2 /* UPS.png */,
				3164BEB22F33153F00DD217B /* 7-Eleven-Logo.png */,
				3164BEB32F33153F00DD217B /* Family-Logo.png */,
				3164BEB42F33153F00DD217B /* OKMart-Logo.png */,
				3164BEB52F33153F00DD217B /* Shopee-Logo.png */,
			);
			path = Logo;
			sourceTree = "<group>";
		};
		318658302F3C6F3F00CAC4AC /* Frameworks */ = {
			isa = PBXGroup;
			children = (
				318658312F3C6F3F00CAC4AC /* StoreKit.framework */,
			);
			name = Frameworks;
			sourceTree = "<group>";
		};
		31F66DD02F309B9D0068C3FB = {
			isa = PBXGroup;
			children = (
				3182A42C2F3D7C5C0038D096 /* Configuration.storekit */,
				31FB3D6A2F39967700104C5C /* GoogleService-Info.plist */,
				3164BEC52F333B6F00DD217B /* box.png */,
				3164BEB62F33153F00DD217B /* Logo */,
				31C141412F31EF6700EF85BE /* icon.icon */,
				31F66E032F309BA90068C3FB /* File */,
				31F66DDB2F309B9D0068C3FB /* PackageTraker */,
				31F66DE92F309B9E0068C3FB /* PackageTrakerTests */,
				31F66DF32F309B9E0068C3FB /* PackageTrakerUITests */,
				318658302F3C6F3F00CAC4AC /* Frameworks */,
				31F66DDA2F309B9D0068C3FB /* Products */,
			);
			sourceTree = "<group>";
		};
		31F66DDA2F309B9D0068C3FB /* Products */ = {
			isa = PBXGroup;
			children = (
				31F66DD92F309B9D0068C3FB /* PackageTraker.app */,
				31F66DE62F309B9E0068C3FB /* PackageTrakerTests.xctest */,
				31F66DF02F309B9E0068C3FB /* PackageTrakerUITests.xctest */,
			);
			name = Products;
			sourceTree = "<group>";
		};
/* End PBXGroup section */

/* Begin PBXNativeTarget section */
		31F66DD82F309B9D0068C3FB /* PackageTraker */ = {
			isa = PBXNativeTarget;
			buildConfigurationList = 31F66DFA2F309B9E0068C3FB /* Build configuration list for PBXNativeTarget "PackageTraker" */;
			buildPhases = (
				31F66DD52F309B9D0068C3FB /* Sources */,
				31F66DD62F309B9D0068C3FB /* Frameworks */,
				31F66DD72F309B9D0068C3FB /* Resources */,
			);
			buildRules = (
			);
			dependencies = (
			);
			fileSystemSynchronizedGroups = (
				31F66DDB2F309B9D0068C3FB /* PackageTraker */,
				31F66E032F309BA90068C3FB /* File */,
			);
			name = PackageTraker;
			packageProductDependencies = (
				32A4D1BA2F5B8C4100F6AA01 /* FluidGradient */,
				31FB3D642F39959A00104C5C /* FirebaseAuth */,
				31FB3D662F39959A00104C5C /* FirebaseFirestore */,
				31FB3D682F39959A00104C5C /* FirebaseMessaging */,
			);
			productName = PackageTraker;
			productReference = 31F66DD92F309B9D0068C3FB /* PackageTraker.app */;
			productType = "com.apple.product-type.application";
		};
		31F66DE52F309B9E0068C3FB /* PackageTrakerTests */ = {
			isa = PBXNativeTarget;
			buildConfigurationList = 31F66DFD2F309B9E0068C3FB /* Build configuration list for PBXNativeTarget "PackageTrakerTests" */;
			buildPhases = (
				31F66DE22F309B9E0068C3FB /* Sources */,
				31F66DE32F309B9E0068C3FB /* Frameworks */,
				31F66DE42F309B9E0068C3FB /* Resources */,
			);
			buildRules = (
			);
			dependencies = (
				31F66DE82F309B9E0068C3FB /* PBXTargetDependency */,
			);
			fileSystemSynchronizedGroups = (
				31F66DE92F309B9E0068C3FB /* PackageTrakerTests */,
			);
			name = PackageTrakerTests;
			packageProductDependencies = (
			);
			productName = PackageTrakerTests;
			productReference = 31F66DE62F309B9E0068C3FB /* PackageTrakerTests.xctest */;
			productType = "com.apple.product-type.bundle.unit-test";
		};
		31F66DEF2F309B9E0068C3FB /* PackageTrakerUITests */ = {
			isa = PBXNativeTarget;
			buildConfigurationList = 31F66E002F309B9E0068C3FB /* Build configuration list for PBXNativeTarget "PackageTrakerUITests" */;
			buildPhases = (
				31F66DEC2F309B9E0068C3FB /* Sources */,
				31F66DED2F309B9E0068C3FB /* Frameworks */,
				31F66DEE2F309B9E0068C3FB /* Resources */,
			);
			buildRules = (
			);
			dependencies = (
				31F66DF22F309B9E0068C3FB /* PBXTargetDependency */,
			);
			fileSystemSynchronizedGroups = (
				31F66DF32F309B9E0068C3FB /* PackageTrakerUITests */,
			);
			name = PackageTrakerUITests;
			packageProductDependencies = (
			);
			productName = PackageTrakerUITests;
			productReference = 31F66DF02F309B9E0068C3FB /* PackageTrakerUITests.xctest */;
			productType = "com.apple.product-type.bundle.ui-testing";
		};
/* End PBXNativeTarget section */

/* Begin PBXProject section */
		31F66DD12F309B9D0068C3FB /* Project object */ = {
			isa = PBXProject;
			attributes = {
				BuildIndependentTargetsInParallel = 1;
				LastSwiftUpdateCheck = 2620;
				LastUpgradeCheck = 2620;
				TargetAttributes = {
					31F66DD82F309B9D0068C3FB = {
						CreatedOnToolsVersion = 26.2;
					};
					31F66DE52F309B9E0068C3FB = {
						CreatedOnToolsVersion = 26.2;
						TestTargetID = 31F66DD82F309B9D0068C3FB;
					};
					31F66DEF2F309B9E0068C3FB = {
						CreatedOnToolsVersion = 26.2;
						TestTargetID = 31F66DD82F309B9D0068C3FB;
					};
				};
			};
			buildConfigurationList = 31F66DD42F309B9D0068C3FB /* Build configuration list for PBXProject "PackageTraker" */;
			developmentRegion = en;
			hasScannedForEncodings = 0;
			knownRegions = (
				en,
				Base,
				"zh-Hant",
				"zh-Hans",
			);
			mainGroup = 31F66DD02F309B9D0068C3FB;
			minimizedProjectReferenceProxies = 1;
			packageReferences = (
				32A4D1BB2F5B8C4100F6AA01 /* XCRemoteSwiftPackageReference "FluidGradient" */,
				31F66E402F31A6030068C3FB /* XCRemoteSwiftPackageReference "SwiftSoup" */,
				31FB3D632F39959A00104C5C /* XCRemoteSwiftPackageReference "firebase-ios-sdk" */,
			);
			preferredProjectObjectVersion = 77;
			productRefGroup = 31F66DDA2F309B9D0068C3FB /* Products */;
			projectDirPath = "";
			projectRoot = "";
			targets = (
				31F66DD82F309B9D0068C3FB /* PackageTraker */,
				31F66DE52F309B9E0068C3FB /* PackageTrakerTests */,
				31F66DEF2F309B9E0068C3FB /* PackageTrakerUITests */,
			);
		};
/* End PBXProject section */

/* Begin PBXResourcesBuildPhase section */
		31F66DD72F309B9D0068C3FB /* Resources */ = {
			isa = PBXResourcesBuildPhase;
			buildActionMask = 2147483647;
			files = (
				3164BEB72F33153F00DD217B /* 7-Eleven-Logo.png in Resources */,
				3164BEB82F33153F00DD217B /* Shopee-Logo.png in Resources */,
				314A817A2F34A0C900E3F3C2 /* momo.png in Resources */,
				314A817B2F34A0C900E3F3C2 /* DHL.png in Resources */,
				314A817C2F34A0C900E3F3C2 /* FEdex.png in Resources */,
				314A817D2F34A0C900E3F3C2 /* 中華郵政.png in Resources */,
				314A817E2F34A0C900E3F3C2 /* 嘉里大榮.png in Resources */,
				314A817F2F34A0C900E3F3C2 /* 順豐.png in Resources */,
				314A81802F34A0C900E3F3C2 /* 黑貓.png in Resources */,
				314A81812F34A0C900E3F3C2 /* Hilife-Logo.png in Resources */,
				314A81822F34A0C900E3F3C2 /* UPS.png in Resources */,
				314A81832F34A0C900E3F3C2 /* 關務署.png in Resources */,
				31FB3D6B2F39967700104C5C /* GoogleService-Info.plist in Resources */,
				314A81842F34A0C900E3F3C2 /* PcHome.png in Resources */,
				314A81852F34A0C900E3F3C2 /* 新竹物流.png in Resources */,
				314A81862F34A0C900E3F3C2 /* 宅配通.png in Resources */,
				3164BEC62F333B6F00DD217B /* box.png in Resources */,
				3164BEB92F33153F00DD217B /* Family-Logo.png in Resources */,
				3164BEBA2F33153F00DD217B /* OKMart-Logo.png in Resources */,
				31C141422F31EF6700EF85BE /* icon.icon in Resources */,
			);
			runOnlyForDeploymentPostprocessing = 0;
		};
		31F66DE42F309B9E0068C3FB /* Resources */ = {
			isa = PBXResourcesBuildPhase;
			buildActionMask = 2147483647;
			files = (
			);
			runOnlyForDeploymentPostprocessing = 0;
		};
		31F66DEE2F309B9E0068C3FB /* Resources */ = {
			isa = PBXResourcesBuildPhase;
			buildActionMask = 2147483647;
			files = (
			);
			runOnlyForDeploymentPostprocessing = 0;
		};
/* End PBXResourcesBuildPhase section */

/* Begin PBXSourcesBuildPhase section */
		31F66DD52F309B9D0068C3FB /* Sources */ = {
			isa = PBXSourcesBuildPhase;
			buildActionMask = 2147483647;
			files = (
			);
			runOnlyForDeploymentPostprocessing = 0;
		};
		31F66DE22F309B9E0068C3FB /* Sources */ = {
			isa = PBXSourcesBuildPhase;
			buildActionMask = 2147483647;
			files = (
			);
			runOnlyForDeploymentPostprocessing = 0;
		};
		31F66DEC2F309B9E0068C3FB /* Sources */ = {
			isa = PBXSourcesBuildPhase;
			buildActionMask = 2147483647;
			files = (
			);
			runOnlyForDeploymentPostprocessing = 0;
		};
/* End PBXSourcesBuildPhase section */

/* Begin PBXTargetDependency section */
		31F66DE82F309B9E0068C3FB /* PBXTargetDependency */ = {
			isa = PBXTargetDependency;
			target = 31F66DD82F309B9D0068C3FB /* PackageTraker */;
			targetProxy = 31F66DE72F309B9E0068C3FB /* PBXContainerItemProxy */;
		};
		31F66DF22F309B9E0068C3FB /* PBXTargetDependency */ = {
			isa = PBXTargetDependency;
			target = 31F66DD82F309B9D0068C3FB /* PackageTraker */;
			targetProxy = 31F66DF12F309B9E0068C3FB /* PBXContainerItemProxy */;
		};
/* End PBXTargetDependency section */

/* Begin XCBuildConfiguration section */
		31F66DF82F309B9E0068C3FB /* Debug */ = {
			isa = XCBuildConfiguration;
			buildSettings = {
				ALWAYS_SEARCH_USER_PATHS = NO;
				ASSETCATALOG_COMPILER_GENERATE_SWIFT_ASSET_SYMBOL_EXTENSIONS = YES;
				CLANG_ANALYZER_NONNULL = YES;
				CLANG_ANALYZER_NUMBER_OBJECT_CONVERSION = YES_AGGRESSIVE;
				CLANG_CXX_LANGUAGE_STANDARD = "gnu++20";
				CLANG_ENABLE_MODULES = YES;
				CLANG_ENABLE_OBJC_ARC = YES;
				CLANG_ENABLE_OBJC_WEAK = YES;
				CLANG_WARN_BLOCK_CAPTURE_AUTORELEASING = YES;
				CLANG_WARN_BOOL_CONVERSION = YES;
				CLANG_WARN_COMMA = YES;
				CLANG_WARN_CONSTANT_CONVERSION = YES;
				CLANG_WARN_DEPRECATED_OBJC_IMPLEMENTATIONS = YES;
				CLANG_WARN_DIRECT_OBJC_ISA_USAGE = YES_ERROR;
				CLANG_WARN_DOCUMENTATION_COMMENTS = YES;
				CLANG_WARN_EMPTY_BODY = YES;
				CLANG_WARN_ENUM_CONVERSION = YES;
				CLANG_WARN_INFINITE_RECURSION = YES;
				CLANG_WARN_INT_CONVERSION = YES;
				CLANG_WARN_NON_LITERAL_NULL_CONVERSION = YES;
				CLANG_WARN_OBJC_IMPLICIT_RETAIN_SELF = YES;
				CLANG_WARN_OBJC_LITERAL_CONVERSION = YES;
				CLANG_WARN_OBJC_ROOT_CLASS = YES_ERROR;
				CLANG_WARN_QUOTED_INCLUDE_IN_FRAMEWORK_HEADER = YES;
				CLANG_WARN_RANGE_LOOP_ANALYSIS = YES;
				CLANG_WARN_STRICT_PROTOTYPES = YES;
				CLANG_WARN_SUSPICIOUS_MOVE = YES;
				CLANG_WARN_UNGUARDED_AVAILABILITY = YES_AGGRESSIVE;
				CLANG_WARN_UNREACHABLE_CODE = YES;
				CLANG_WARN__DUPLICATE_METHOD_MATCH = YES;
				COPY_PHASE_STRIP = NO;
				DEBUG_INFORMATION_FORMAT = dwarf;
				DEVELOPMENT_TEAM = 5353WH6FVX;
				ENABLE_STRICT_OBJC_MSGSEND = YES;
				ENABLE_TESTABILITY = YES;
				ENABLE_USER_SCRIPT_SANDBOXING = YES;
				GCC_C_LANGUAGE_STANDARD = gnu17;
				GCC_DYNAMIC_NO_PIC = NO;
				GCC_NO_COMMON_BLOCKS = YES;
				GCC_OPTIMIZATION_LEVEL = 0;
				GCC_PREPROCESSOR_DEFINITIONS = (
					"DEBUG=1",
					"$(inherited)",
				);
				GCC_WARN_64_TO_32_BIT_CONVERSION = YES;
				GCC_WARN_ABOUT_RETURN_TYPE = YES_ERROR;
				GCC_WARN_UNDECLARED_SELECTOR = YES;
				GCC_WARN_UNINITIALIZED_AUTOS = YES_AGGRESSIVE;
				GCC_WARN_UNUSED_FUNCTION = YES;
				GCC_WARN_UNUSED_VARIABLE = YES;
				IPHONEOS_DEPLOYMENT_TARGET = 26.2;
				LOCALIZATION_PREFERS_STRING_CATALOGS = YES;
				MTL_ENABLE_DEBUG_INFO = INCLUDE_SOURCE;
				MTL_FAST_MATH = YES;
				ONLY_ACTIVE_ARCH = YES;
				SDKROOT = iphoneos;
				SWIFT_ACTIVE_COMPILATION_CONDITIONS = "DEBUG $(inherited)";
				SWIFT_OPTIMIZATION_LEVEL = "-Onone";
			};
			name = Debug;
		};
		31F66DF92F309B9E0068C3FB /* Release */ = {
			isa = XCBuildConfiguration;
			buildSettings = {
				ALWAYS_SEARCH_USER_PATHS = NO;
				ASSETCATALOG_COMPILER_GENERATE_SWIFT_ASSET_SYMBOL_EXTENSIONS = YES;
				CLANG_ANALYZER_NONNULL = YES;
				CLANG_ANALYZER_NUMBER_OBJECT_CONVERSION = YES_AGGRESSIVE;
				CLANG_CXX_LANGUAGE_STANDARD = "gnu++20";
				CLANG_ENABLE_MODULES = YES;
				CLANG_ENABLE_OBJC_ARC = YES;
				CLANG_ENABLE_OBJC_WEAK = YES;
				CLANG_WARN_BLOCK_CAPTURE_AUTORELEASING = YES;
				CLANG_WARN_BOOL_CONVERSION = YES;
				CLANG_WARN_COMMA = YES;
				CLANG_WARN_CONSTANT_CONVERSION = YES;
				CLANG_WARN_DEPRECATED_OBJC_IMPLEMENTATIONS = YES;
				CLANG_WARN_DIRECT_OBJC_ISA_USAGE = YES_ERROR;
				CLANG_WARN_DOCUMENTATION_COMMENTS = YES;
				CLANG_WARN_EMPTY_BODY = YES;
				CLANG_WARN_ENUM_CONVERSION = YES;
				CLANG_WARN_INFINITE_RECURSION = YES;
				CLANG_WARN_INT_CONVERSION = YES;
				CLANG_WARN_NON_LITERAL_NULL_CONVERSION = YES;
				CLANG_WARN_OBJC_IMPLICIT_RETAIN_SELF = YES;
				CLANG_WARN_OBJC_LITERAL_CONVERSION = YES;
				CLANG_WARN_OBJC_ROOT_CLASS = YES_ERROR;
				CLANG_WARN_QUOTED_INCLUDE_IN_FRAMEWORK_HEADER = YES;
				CLANG_WARN_RANGE_LOOP_ANALYSIS = YES;
				CLANG_WARN_STRICT_PROTOTYPES = YES;
				CLANG_WARN_SUSPICIOUS_MOVE = YES;
				CLANG_WARN_UNGUARDED_AVAILABILITY = YES_AGGRESSIVE;
				CLANG_WARN_UNREACHABLE_CODE = YES;
				CLANG_WARN__DUPLICATE_METHOD_MATCH = YES;
				COPY_PHASE_STRIP = NO;
				DEBUG_INFORMATION_FORMAT = "dwarf-with-dsym";
				DEVELOPMENT_TEAM = 5353WH6FVX;
				ENABLE_NS_ASSERTIONS = NO;
				ENABLE_STRICT_OBJC_MSGSEND = YES;
				ENABLE_USER_SCRIPT_SANDBOXING = YES;
				GCC_C_LANGUAGE_STANDARD = gnu17;
				GCC_NO_COMMON_BLOCKS = YES;
				GCC_WARN_64_TO_32_BIT_CONVERSION = YES;
				GCC_WARN_ABOUT_RETURN_TYPE = YES_ERROR;
				GCC_WARN_UNDECLARED_SELECTOR = YES;
				GCC_WARN_UNINITIALIZED_AUTOS = YES_AGGRESSIVE;
				GCC_WARN_UNUSED_FUNCTION = YES;
				GCC_WARN_UNUSED_VARIABLE = YES;
				IPHONEOS_DEPLOYMENT_TARGET = 26.2;
				LOCALIZATION_PREFERS_STRING_CATALOGS = YES;
				MTL_ENABLE_DEBUG_INFO = NO;
				MTL_FAST_MATH = YES;
				SDKROOT = iphoneos;
				SWIFT_COMPILATION_MODE = wholemodule;
				VALIDATE_PRODUCT = YES;
			};
			name = Release;
		};
		31F66DFB2F309B9E0068C3FB /* Debug */ = {
			isa = XCBuildConfiguration;
			buildSettings = {
				ASSETCATALOG_COMPILER_APPICON_NAME = AppIcon;
				ASSETCATALOG_COMPILER_GLOBAL_ACCENT_COLOR_NAME = AccentColor;
				CODE_SIGN_ENTITLEMENTS = PackageTraker/PackageTraker.entitlements;
				CODE_SIGN_IDENTITY = "Apple Development";
				CODE_SIGN_STYLE = Automatic;
				CURRENT_PROJECT_VERSION = 260210;
				DEVELOPMENT_TEAM = 5353WH6FVX;
				ENABLE_PREVIEWS = YES;
				GENERATE_INFOPLIST_FILE = YES;
				INFOPLIST_FILE = PackageTraker/Info.plist;
				INFOPLIST_KEY_UIApplicationSceneManifest_Generation = YES;
				INFOPLIST_KEY_UIApplicationSupportsIndirectInputEvents = YES;
				INFOPLIST_KEY_UISupportedInterfaceOrientations_iPhone = UIInterfaceOrientationPortrait;
				LD_RUNPATH_SEARCH_PATHS = (
					"$(inherited)",
					"@executable_path/Frameworks",
				);
				MARKETING_VERSION = 1.0;
				PRODUCT_BUNDLE_IDENTIFIER = com.kenny.PackageTraker;
				PRODUCT_NAME = "$(TARGET_NAME)";
				PROVISIONING_PROFILE_SPECIFIER = "";
				STRING_CATALOG_GENERATE_SYMBOLS = YES;
				SWIFT_APPROACHABLE_CONCURRENCY = YES;
				SWIFT_DEFAULT_ACTOR_ISOLATION = MainActor;
				SWIFT_EMIT_LOC_STRINGS = YES;
				SWIFT_UPCOMING_FEATURE_MEMBER_IMPORT_VISIBILITY = YES;
				SWIFT_VERSION = 5.0;
				TARGETED_DEVICE_FAMILY = 1;
			};
			name = Debug;
		};
		31F66DFC2F309B9E0068C3FB /* Release */ = {
			isa = XCBuildConfiguration;
			buildSettings = {
				ASSETCATALOG_COMPILER_APPICON_NAME = AppIcon;
				ASSETCATALOG_COMPILER_GLOBAL_ACCENT_COLOR_NAME = AccentColor;
				CODE_SIGN_ENTITLEMENTS = PackageTraker/PackageTraker.entitlements;
				CODE_SIGN_IDENTITY = "Apple Development";
				CODE_SIGN_STYLE = Automatic;
				CURRENT_PROJECT_VERSION = 260210;
				DEVELOPMENT_TEAM = 5353WH6FVX;
				ENABLE_PREVIEWS = YES;
				GENERATE_INFOPLIST_FILE = YES;
				INFOPLIST_FILE = PackageTraker/Info.plist;
				INFOPLIST_KEY_UIApplicationSceneManifest_Generation = YES;
				INFOPLIST_KEY_UIApplicationSupportsIndirectInputEvents = YES;
				INFOPLIST_KEY_UISupportedInterfaceOrientations_iPhone = UIInterfaceOrientationPortrait;
				LD_RUNPATH_SEARCH_PATHS = (
					"$(inherited)",
					"@executable_path/Frameworks",
				);
				MARKETING_VERSION = 1.0;
				PRODUCT_BUNDLE_IDENTIFIER = com.kenny.PackageTraker;
				PRODUCT_NAME = "$(TARGET_NAME)";
				PROVISIONING_PROFILE_SPECIFIER = "";
				STRING_CATALOG_GENERATE_SYMBOLS = YES;
				SWIFT_APPROACHABLE_CONCURRENCY = YES;
				SWIFT_DEFAULT_ACTOR_ISOLATION = MainActor;
				SWIFT_EMIT_LOC_STRINGS = YES;
				SWIFT_UPCOMING_FEATURE_MEMBER_IMPORT_VISIBILITY = YES;
				SWIFT_VERSION = 5.0;
				TARGETED_DEVICE_FAMILY = 1;
			};
			name = Release;
		};
		31F66DFE2F309B9E0068C3FB /* Debug */ = {
			isa = XCBuildConfiguration;
			buildSettings = {
				BUNDLE_LOADER = "$(TEST_HOST)";
				CODE_SIGN_STYLE = Automatic;
				CURRENT_PROJECT_VERSION = 260210;
				DEVELOPMENT_TEAM = 5353WH6FVX;
				GENERATE_INFOPLIST_FILE = YES;
				IPHONEOS_DEPLOYMENT_TARGET = 26.2;
				MARKETING_VERSION = 1.0;
				PRODUCT_BUNDLE_IDENTIFIER = com.kenny.PackageTrakerTests;
				PRODUCT_NAME = "$(TARGET_NAME)";
				STRING_CATALOG_GENERATE_SYMBOLS = NO;
				SWIFT_APPROACHABLE_CONCURRENCY = YES;
				SWIFT_EMIT_LOC_STRINGS = NO;
				SWIFT_UPCOMING_FEATURE_MEMBER_IMPORT_VISIBILITY = YES;
				SWIFT_VERSION = 5.0;
				TARGETED_DEVICE_FAMILY = "1,2";
				TEST_HOST = "$(BUILT_PRODUCTS_DIR)/PackageTraker.app/$(BUNDLE_EXECUTABLE_FOLDER_PATH)/PackageTraker";
			};
			name = Debug;
		};
		31F66DFF2F309B9E0068C3FB /* Release */ = {
			isa = XCBuildConfiguration;
			buildSettings = {
				BUNDLE_LOADER = "$(TEST_HOST)";
				CODE_SIGN_STYLE = Automatic;
				CURRENT_PROJECT_VERSION = 260210;
				DEVELOPMENT_TEAM = 5353WH6FVX;
				GENERATE_INFOPLIST_FILE = YES;
				IPHONEOS_DEPLOYMENT_TARGET = 26.2;
				MARKETING_VERSION = 1.0;
				PRODUCT_BUNDLE_IDENTIFIER = com.kenny.PackageTrakerTests;
				PRODUCT_NAME = "$(TARGET_NAME)";
				STRING_CATALOG_GENERATE_SYMBOLS = NO;
				SWIFT_APPROACHABLE_CONCURRENCY = YES;
				SWIFT_EMIT_LOC_STRINGS = NO;
				SWIFT_UPCOMING_FEATURE_MEMBER_IMPORT_VISIBILITY = YES;
				SWIFT_VERSION = 5.0;
				TARGETED_DEVICE_FAMILY = "1,2";
				TEST_HOST = "$(BUILT_PRODUCTS_DIR)/PackageTraker.app/$(BUNDLE_EXECUTABLE_FOLDER_PATH)/PackageTraker";
			};
			name = Release;
		};
		31F66E012F309B9E0068C3FB /* Debug */ = {
			isa = XCBuildConfiguration;
			buildSettings = {
				CODE_SIGN_STYLE = Automatic;
				CURRENT_PROJECT_VERSION = 260210;
				DEVELOPMENT_TEAM = 5353WH6FVX;
				GENERATE_INFOPLIST_FILE = YES;
				MARKETING_VERSION = 1.0;
				PRODUCT_BUNDLE_IDENTIFIER = com.kenny.PackageTrakerUITests;
				PRODUCT_NAME = "$(TARGET_NAME)";
				STRING_CATALOG_GENERATE_SYMBOLS = NO;
				SWIFT_APPROACHABLE_CONCURRENCY = YES;
				SWIFT_EMIT_LOC_STRINGS = NO;
				SWIFT_UPCOMING_FEATURE_MEMBER_IMPORT_VISIBILITY = YES;
				SWIFT_VERSION = 5.0;
				TARGETED_DEVICE_FAMILY = "1,2";
				TEST_TARGET_NAME = PackageTraker;
			};
			name = Debug;
		};
		31F66E022F309B9E0068C3FB /* Release */ = {
			isa = XCBuildConfiguration;
			buildSettings = {
				CODE_SIGN_STYLE = Automatic;
				CURRENT_PROJECT_VERSION = 260210;
				DEVELOPMENT_TEAM = 5353WH6FVX;
				GENERATE_INFOPLIST_FILE = YES;
				MARKETING_VERSION = 1.0;
				PRODUCT_BUNDLE_IDENTIFIER = com.kenny.PackageTrakerUITests;
				PRODUCT_NAME = "$(TARGET_NAME)";
				STRING_CATALOG_GENERATE_SYMBOLS = NO;
				SWIFT_APPROACHABLE_CONCURRENCY = YES;
				SWIFT_EMIT_LOC_STRINGS = NO;
				SWIFT_UPCOMING_FEATURE_MEMBER_IMPORT_VISIBILITY = YES;
				SWIFT_VERSION = 5.0;
				TARGETED_DEVICE_FAMILY = "1,2";
				TEST_TARGET_NAME = PackageTraker;
			};
			name = Release;
		};
/* End XCBuildConfiguration section */

/* Begin XCConfigurationList section */
		31F66DD42F309B9D0068C3FB /* Build configuration list for PBXProject "PackageTraker" */ = {
			isa = XCConfigurationList;
			buildConfigurations = (
				31F66DF82F309B9E0068C3FB /* Debug */,
				31F66DF92F309B9E0068C3FB /* Release */,
			);
			defaultConfigurationIsVisible = 0;
			defaultConfigurationName = Release;
		};
		31F66DFA2F309B9E0068C3FB /* Build configuration list for PBXNativeTarget "PackageTraker" */ = {
			isa = XCConfigurationList;
			buildConfigurations = (
				31F66DFB2F309B9E0068C3FB /* Debug */,
				31F66DFC2F309B9E0068C3FB /* Release */,
			);
			defaultConfigurationIsVisible = 0;
			defaultConfigurationName = Release;
		};
		31F66DFD2F309B9E0068C3FB /* Build configuration list for PBXNativeTarget "PackageTrakerTests" */ = {
			isa = XCConfigurationList;
			buildConfigurations = (
				31F66DFE2F309B9E0068C3FB /* Debug */,
				31F66DFF2F309B9E0068C3FB /* Release */,
			);
			defaultConfigurationIsVisible = 0;
			defaultConfigurationName = Release;
		};
		31F66E002F309B9E0068C3FB /* Build configuration list for PBXNativeTarget "PackageTrakerUITests" */ = {
			isa = XCConfigurationList;
			buildConfigurations = (
				31F66E012F309B9E0068C3FB /* Debug */,
				31F66E022F309B9E0068C3FB /* Release */,
			);
			defaultConfigurationIsVisible = 0;
			defaultConfigurationName = Release;
		};
/* End XCConfigurationList section */

/* Begin XCRemoteSwiftPackageReference section */
		32A4D1BB2F5B8C4100F6AA01 /* XCRemoteSwiftPackageReference "FluidGradient" */ = {
			isa = XCRemoteSwiftPackageReference;
			repositoryURL = "https://github.com/Cindori/FluidGradient.git";
			requirement = {
				kind = upToNextMajorVersion;
				minimumVersion = 1.0.0;
			};
		};
		31F66E402F31A6030068C3FB /* XCRemoteSwiftPackageReference "SwiftSoup" */ = {
			isa = XCRemoteSwiftPackageReference;
			repositoryURL = "https://github.com/scinfu/SwiftSoup.git";
			requirement = {
				kind = upToNextMajorVersion;
				minimumVersion = 2.11.3;
			};
		};
		31FB3D632F39959A00104C5C /* XCRemoteSwiftPackageReference "firebase-ios-sdk" */ = {
			isa = XCRemoteSwiftPackageReference;
			repositoryURL = "https://github.com/firebase/firebase-ios-sdk";
			requirement = {
				kind = upToNextMajorVersion;
				minimumVersion = 12.9.0;
			};
		};
/* End XCRemoteSwiftPackageReference section */

/* Begin XCSwiftPackageProductDependency section */
		32A4D1BA2F5B8C4100F6AA01 /* FluidGradient */ = {
			isa = XCSwiftPackageProductDependency;
			package = 32A4D1BB2F5B8C4100F6AA01 /* XCRemoteSwiftPackageReference "FluidGradient" */;
			productName = FluidGradient;
		};
		31FB3D642F39959A00104C5C /* FirebaseAuth */ = {
			isa = XCSwiftPackageProductDependency;
			package = 31FB3D632F39959A00104C5C /* XCRemoteSwiftPackageReference "firebase-ios-sdk" */;
			productName = FirebaseAuth;
		};
		31FB3D662F39959A00104C5C /* FirebaseFirestore */ = {
			isa = XCSwiftPackageProductDependency;
			package = 31FB3D632F39959A00104C5C /* XCRemoteSwiftPackageReference "firebase-ios-sdk" */;
			productName = FirebaseFirestore;
		};
		31FB3D682F39959A00104C5C /* FirebaseMessaging */ = {
			isa = XCSwiftPackageProductDependency;
			package = 31FB3D632F39959A00104C5C /* XCRemoteSwiftPackageReference "firebase-ios-sdk" */;
			productName = FirebaseMessaging;
		};
/* End XCSwiftPackageProductDependency section */
	};
	rootObject = 31F66DD12F309B9D0068C3FB /* Project object */;
}
