// !$*UTF8*$!
{
	archiveVersion = 1;
	classes = {
	};
	objectVersion = 77;
	objects = {

/* Begin PBXBuildFile section */
		3164BEC62F333B6F00DD217B /* box.png in Resources */ = {isa = PBXBuildFile; fileRef = 3164BEC52F333B6F00DD217B /* box.png */; };
		318658322F3C6F3F00CAC4AC /* StoreKit.framework in Frameworks */ = {isa = PBXBuildFile; fileRef = 318658312F3C6F3F00CAC4AC /* StoreKit.framework */; };
		31870CFC2F4EC6A6003666F3 /* FirebaseCrashlytics in Frameworks */ = {isa = PBXBuildFile; productRef = 31870CFB2F4EC6A6003666F3 /* FirebaseCrashlytics */; };
		31870CFE2F4EC6AF003666F3 /* FirebaseAnalytics in Frameworks */ = {isa = PBXBuildFile; productRef = 31870CFD2F4EC6AF003666F3 /* FirebaseAnalytics */; };
		31870D002F4EC6B6003666F3 /* FirebaseFunctions in Frameworks */ = {isa = PBXBuildFile; productRef = 31870CFF2F4EC6B6003666F3 /* FirebaseFunctions */; };
		31C141422F31EF6700EF85BE /* icon/icon.icon in Resources */ = {isa = PBXBuildFile; fileRef = 31C141412F31EF6700EF85BE /* icon/icon.icon */; };
		31D4CE612F5A921B00476EED /* WidgetKit.framework in Frameworks */ = {isa = PBXBuildFile; fileRef = 31D4CE602F5A921B00476EED /* WidgetKit.framework */; };
		31D4CE632F5A921B00476EED /* SwiftUI.framework in Frameworks */ = {isa = PBXBuildFile; fileRef = 31D4CE622F5A921B00476EED /* SwiftUI.framework */; };
		31D4CE702F5A921D00476EED /* PackageTrakerWidgetExtension.appex in Embed Foundation Extensions */ = {isa = PBXBuildFile; fileRef = 31D4CE5F2F5A921B00476EED /* PackageTrakerWidgetExtension.appex */; settings = {ATTRIBUTES = (RemoveHeadersOnCopy, ); }; };
		31F8BF612F8784E000D128AA /* FirebaseRemoteConfig in Frameworks */ = {isa = PBXBuildFile; productRef = 31F8BF602F8784E000D128AA /* FirebaseRemoteConfig */; };
		31FB3D652F39959A00104C5C /* FirebaseAuth in Frameworks */ = {isa = PBXBuildFile; productRef = 31FB3D642F39959A00104C5C /* FirebaseAuth */; };
		31FB3D672F39959A00104C5C /* FirebaseFirestore in Frameworks */ = {isa = PBXBuildFile; productRef = 31FB3D662F39959A00104C5C /* FirebaseFirestore */; };
		31FB3D692F39959A00104C5C /* FirebaseMessaging in Frameworks */ = {isa = PBXBuildFile; productRef = 31FB3D682F39959A00104C5C /* FirebaseMessaging */; };
		31FB3D6B2F39967700104C5C /* GoogleService-Info.plist in Resources */ = {isa = PBXBuildFile; fileRef = 31FB3D6A2F39967700104C5C /* GoogleService-Info.plist */; };
		32A4D1B92F5B8C4100F6AA01 /* FluidGradient in Frameworks */ = {isa = PBXBuildFile; productRef = 32A4D1BA2F5B8C4100F6AA01 /* FluidGradient */; };
		32B4A1022F850A0100A1B2C3 /* SpriteKit.framework in Frameworks */ = {isa = PBXBuildFile; fileRef = 32B4A1012F850A0100A1B2C3 /* SpriteKit.framework */; };
		32B4A1042F850A0100A1B2C3 /* CoreMotion.framework in Frameworks */ = {isa = PBXBuildFile; fileRef = 32B4A1032F850A0100A1B2C3 /* CoreMotion.framework */; };
/* End PBXBuildFile section */

/* Begin PBXContainerItemProxy section */
		31D4CE6E2F5A921D00476EED /* PBXContainerItemProxy */ = {
			isa = PBXContainerItemProxy;
			containerPortal = 31F66DD12F309B9D0068C3FB /* Project object */;
			proxyType = 1;
			remoteGlobalIDString = 31D4CE5E2F5A921B00476EED;
			remoteInfo = PackageTrakerWidgetExtension;
		};
		31F66DE72F309B9E0068C3FB /* PBXContainerItemProxy */ = {
			isa = PBXContainerItemProxy;
			containerPortal = 31F66DD12F309B9D0068C3FB /* Project object */;
			proxyType = 1;
			remoteGlobalIDString = 31F66DD82F309B9D0068C3FB;
			remoteInfo = PackageTraker;
		};
		31F66DF12F309B9E0068C3FB /* PBXContainerItemProxy */ = {
			isa = PBXContainerItemProxy;
			containerPortal = 31F66DD12F309B9D0068C3FB /* Project object */;
			proxyType = 1;
			remoteGlobalIDString = 31F66DD82F309B9D0068C3FB;
			remoteInfo = PackageTraker;
		};
/* End PBXContainerItemProxy section */

/* Begin PBXCopyFilesBuildPhase section */
		31D4CE712F5A921D00476EED /* Embed Foundation Extensions */ = {
			isa = PBXCopyFilesBuildPhase;
			buildActionMask = 2147483647;
			dstPath = "";
			dstSubfolderSpec = 13;
			files = (
				31D4CE702F5A921D00476EED /* PackageTrakerWidgetExtension.appex in Embed Foundation Extensions */,
			);
			name = "Embed Foundation Extensions";
			runOnlyForDeploymentPostprocessing = 0;
		};
/* End PBXCopyFilesBuildPhase section */

/* Begin PBXFileReference section */
		3164BEC52F333B6F00DD217B /* box.png */ = {isa = PBXFileReference; lastKnownFileType = image.png; path = box.png; sourceTree = "<group>"; };
		3182A42C2F3D7C5C0038D096 /* Configuration.storekit */ = {isa = PBXFileReference; lastKnownFileType = text; path = Configuration.storekit; sourceTree = "<group>"; };
		318658312F3C6F3F00CAC4AC /* StoreKit.framework */ = {isa = PBXFileReference; lastKnownFileType = wrapper.framework; name = StoreKit.framework; path = System/Library/Frameworks/StoreKit.framework; sourceTree = SDKROOT; };
		31C141412F31EF6700EF85BE /* icon/icon.icon */ = {isa = PBXFileReference; lastKnownFileType = folder.iconcomposer.icon; path = icon/icon.icon; sourceTree = "<group>"; };
		31D4CE5F2F5A921B00476EED /* PackageTrakerWidgetExtension.appex */ = {isa = PBXFileReference; explicitFileType = "wrapper.app-extension"; includeInIndex = 0; path = PackageTrakerWidgetExtension.appex; sourceTree = BUILT_PRODUCTS_DIR; };
		31D4CE602F5A921B00476EED /* WidgetKit.framework */ = {isa = PBXFileReference; lastKnownFileType = wrapper.framework; name = WidgetKit.framework; path = System/Library/Frameworks/WidgetKit.framework; sourceTree = SDKROOT; };
		31D4CE622F5A921B00476EED /* SwiftUI.framework */ = {isa = PBXFileReference; lastKnownFileType = wrapper.framework; name = SwiftUI.framework; path = System/Library/Frameworks/SwiftUI.framework; sourceTree = SDKROOT; };
		31F66DD92F309B9D0068C3FB /* PackageTraker.app */ = {isa = PBXFileReference; explicitFileType = wrapper.application; includeInIndex = 0; path = PackageTraker.app; sourceTree = BUILT_PRODUCTS_DIR; };
		31F66DE62F309B9E0068C3FB /* PackageTrakerTests.xctest */ = {isa = PBXFileReference; explicitFileType = wrapper.cfbundle; includeInIndex = 0; path = PackageTrakerTests.xctest; sourceTree = BUILT_PRODUCTS_DIR; };
		31F66DF02F309B9E0068C3FB /* PackageTrakerUITests.xctest */ = {isa = PBXFileReference; explicitFileType = wrapper.cfbundle; includeInIndex = 0; path = PackageTrakerUITests.xctest; sourceTree = BUILT_PRODUCTS_DIR; };
		31FB3D6A2F39967700104C5C /* GoogleService-Info.plist */ = {isa = PBXFileReference; lastKnownFileType = text.plist.xml; path = "GoogleService-Info.plist"; sourceTree = "<group>"; };
		32B4A1012F850A0100A1B2C3 /* SpriteKit.framework */ = {isa = PBXFileReference; lastKnownFileType = wrapper.framework; name = SpriteKit.framework; path = System/Library/Frameworks/SpriteKit.framework; sourceTree = SDKROOT; };
		32B4A1032F850A0100A1B2C3 /* CoreMotion.framework */ = {isa = PBXFileReference; lastKnownFileType = wrapper.framework; name = CoreMotion.framework; path = System/Library/Frameworks/CoreMotion.framework; sourceTree = SDKROOT; };
/* End PBXFileReference section */

/* Begin PBXFileSystemSynchronizedBuildFileExceptionSet section */
		3154FF0E2F9115ED0079D65A /* Exceptions for "PackageTrakerWidget" folder in "PackageTraker" target */ = {
			isa = PBXFileSystemSynchronizedBuildFileExceptionSet;
			membershipExceptions = (
				AddPackageControl.swift,
			);
			target = 31F66DD82F309B9D0068C3FB /* PackageTraker */;
		};
		31D4CE752F5A921D00476EED /* Exceptions for "PackageTrakerWidget" folder in "PackageTrakerWidgetExtension" target */ = {
			isa = PBXFileSystemSynchronizedBuildFileExceptionSet;
			membershipExceptions = (
				Info.plist,
			);
			target = 31D4CE5E2F5A921B00476EED /* PackageTrakerWidgetExtension */;
		};
		31F66E652F31DEC60068C3FB /* Exceptions for "PackageTraker" folder in "PackageTraker" target */ = {
			isa = PBXFileSystemSynchronizedBuildFileExceptionSet;
			membershipExceptions = (
				Info.plist,
			);
			target = 31F66DD82F309B9D0068C3FB /* PackageTraker */;
		};
/* End PBXFileSystemSynchronizedBuildFileExceptionSet section */

/* Begin PBXFileSystemSynchronizedRootGroup section */
		31D4CE642F5A921B00476EED /* PackageTrakerWidget */ = {
			isa = PBXFileSystemSynchronizedRootGroup;
			exceptions = (
				3154FF0E2F9115ED0079D65A /* Exceptions for "PackageTrakerWidget" folder in "PackageTraker" target */,
				31D4CE752F5A921D00476EED /* Exceptions for "PackageTrakerWidget" folder in "PackageTrakerWidgetExtension" target */,
			);
			path = PackageTrakerWidget;
			sourceTree = "<group>";
		};
		31F66DDB2F309B9D0068C3FB /* PackageTraker */ = {
			isa = PBXFileSystemSynchronizedRootGroup;
			exceptions = (
				31F66E652F31DEC60068C3FB /* Exceptions for "PackageTraker" folder in "PackageTraker" target */,
			);
			path = PackageTraker;
			sourceTree = "<group>";
		};
		31F66DE92F309B9E0068C3FB /* PackageTrakerTests */ = {
			isa = PBXFileSystemSynchronizedRootGroup;
			path = PackageTrakerTests;
			sourceTree = "<group>";
		};
		31F66DF32F309B9E0068C3FB /* PackageTrakerUITests */ = {
			isa = PBXFileSystemSynchronizedRootGroup;
			path = PackageTrakerUITests;
			sourceTree = "<group>";
		};
		31F66E032F309BA90068C3FB /* File */ = {
			isa = PBXFileSystemSynchronizedRootGroup;
			path = File;
			sourceTree = "<group>";
		};
/* End PBXFileSystemSynchronizedRootGroup section */

/* Begin PBXFrameworksBuildPhase section */
		31D4CE5C2F5A921B00476EED /* Frameworks */ = {
			isa = PBXFrameworksBuildPhase;
			buildActionMask = 2147483647;
			files = (
				31D4CE632F5A921B00476EED /* SwiftUI.framework in Frameworks */,
				31D4CE612F5A921B00476EED /* WidgetKit.framework in Frameworks */,
			);
			runOnlyForDeploymentPostprocessing = 0;
		};
		31F66DD62F309B9D0068C3FB /* Frameworks */ = {
			isa = PBXFrameworksBuildPhase;
			buildActionMask = 2147483647;
			files = (
				31F8BF612F8784E000D128AA /* FirebaseRemoteConfig in Frameworks */,
				31870CFE2F4EC6AF003666F3 /* FirebaseAnalytics in Frameworks */,
				32A4D1B92F5B8C4100F6AA01 /* FluidGradient in Frameworks */,
				31FB3D692F39959A00104C5C /* FirebaseMessaging in Frameworks */,
				31870D002F4EC6B6003666F3 /* FirebaseFunctions in Frameworks */,
				31FB3D652F39959A00104C5C /* FirebaseAuth in Frameworks */,
				31870CFC2F4EC6A6003666F3 /* FirebaseCrashlytics in Frameworks */,
				31FB3D672F39959A00104C5C /* FirebaseFirestore in Frameworks */,
				318658322F3C6F3F00CAC4AC /* StoreKit.framework in Frameworks */,
				32B4A1022F850A0100A1B2C3 /* SpriteKit.framework in Frameworks */,
				32B4A1042F850A0100A1B2C3 /* CoreMotion.framework in Frameworks */,
			);
			runOnlyForDeploymentPostprocessing = 0;
		};
		31F66DE32F309B9E0068C3FB /* Frameworks */ = {
			isa = PBXFrameworksBuildPhase;
			buildActionMask = 2147483647;
			files = (
			);
			runOnlyForDeploymentPostprocessing = 0;
		};
		31F66DED2F309B9E0068C3FB /* Frameworks */ = {
			isa = PBXFrameworksBuildPhase;
			buildActionMask = 2147483647;
			files = (
			);
			runOnlyForDeploymentPostprocessing = 0;
		};
/* End PBXFrameworksBuildPhase section */

/* Begin PBXGroup section */
		318658302F3C6F3F00CAC4AC /* Frameworks */ = {
			isa = PBXGroup;
			children = (
				318658312F3C6F3F00CAC4AC /* StoreKit.framework */,
				32B4A1012F850A0100A1B2C3 /* SpriteKit.framework */,
				32B4A1032F850A0100A1B2C3 /* CoreMotion.framework */,
				31D4CE602F5A921B00476EED /* WidgetKit.framework */,
				31D4CE622F5A921B00476EED /* SwiftUI.framework */,
			);
			name = Frameworks;
			sourceTree = "<group>";
		};
		31F66DD02F309B9D0068C3FB = {
			isa = PBXGroup;
			children = (
				3182A42C2F3D7C5C0038D096 /* Configuration.storekit */,
				31FB3D6A2F39967700104C5C /* GoogleService-Info.plist */,
				3164BEC52F333B6F00DD217B /* box.png */,
				31C141412F31EF6700EF85BE /* icon/icon.icon */,
				31F66E032F309BA90068C3FB /* File */,
				31F66DDB2F309B9D0068C3FB /* PackageTraker */,
				31F66DE92F309B9E0068C3FB /* PackageTrakerTests */,
				31F66DF32F309B9E0068C3FB /* PackageTrakerUITests */,
				31D4CE642F5A921B00476EED /* PackageTrakerWidget */,
				318658302F3C6F3F00CAC4AC /* Frameworks */,
				31F66DDA2F309B9D0068C3FB /* Products */,
			);
			sourceTree = "<group>";
		};
		31F66DDA2F309B9D0068C3FB /* Products */ = {
			isa = PBXGroup;
			children = (
				31F66DD92F309B9D0068C3FB /* PackageTraker.app */,
				31F66DE62F309B9E0068C3FB /* PackageTrakerTests.xctest */,
				31F66DF02F309B9E0068C3FB /* PackageTrakerUITests.xctest */,
				31D4CE5F2F5A921B00476EED /* PackageTrakerWidgetExtension.appex */,
			);
			name = Products;
			sourceTree = "<group>";
		};
/* End PBXGroup section */

/* Begin PBXNativeTarget section */
		31D4CE5E2F5A921B00476EED /* PackageTrakerWidgetExtension */ = {
			isa = PBXNativeTarget;
			buildConfigurationList = 31D4CE742F5A921D00476EED /* Build configuration list for PBXNativeTarget "PackageTrakerWidgetExtension" */;
			buildPhases = (
				31D4CE5B2F5A921B00476EED /* Sources */,
				31D4CE5C2F5A921B00476EED /* Frameworks */,
				31D4CE5D2F5A921B00476EED /* Resources */,
			);
			buildRules = (
			);
			dependencies = (
			);
			fileSystemSynchronizedGroups = (
				31D4CE642F5A921B00476EED /* PackageTrakerWidget */,
			);
			name = PackageTrakerWidgetExtension;
			productName = PackageTrakerWidgetExtension;
			productReference = 31D4CE5F2F5A921B00476EED /* PackageTrakerWidgetExtension.appex */;
			productType = "com.apple.product-type.app-extension";
		};
		31F66DD82F309B9D0068C3FB /* PackageTraker */ = {
			isa = PBXNativeTarget;
			buildConfigurationList = 31F66DFA2F309B9E0068C3FB /* Build configuration list for PBXNativeTarget "PackageTraker" */;
			buildPhases = (
				31F66DD52F309B9D0068C3FB /* Sources */,
				31F66DD62F309B9D0068C3FB /* Frameworks */,
				31F66DD72F309B9D0068C3FB /* Resources */,
				31D4CE712F5A921D00476EED /* Embed Foundation Extensions */,
				31870D012F4EC6DD003666F3 /* ShellScript */,
			);
			buildRules = (
			);
			dependencies = (
				31D4CE6F2F5A921D00476EED /* PBXTargetDependency */,
			);
			fileSystemSynchronizedGroups = (
				31F66DDB2F309B9D0068C3FB /* PackageTraker */,
				31F66E032F309BA90068C3FB /* File */,
			);
			name = PackageTraker;
			packageProductDependencies = (
				32A4D1BA2F5B8C4100F6AA01 /* FluidGradient */,
				31FB3D642F39959A00104C5C /* FirebaseAuth */,
				31FB3D662F39959A00104C5C /* FirebaseFirestore */,
				31FB3D682F39959A00104C5C /* FirebaseMessaging */,
				31870CFB2F4EC6A6003666F3 /* FirebaseCrashlytics */,
				31870CFD2F4EC6AF003666F3 /* FirebaseAnalytics */,
				31870CFF2F4EC6B6003666F3 /* FirebaseFunctions */,
				31F8BF602F8784E000D128AA /* FirebaseRemoteConfig */,
			);
			productName = PackageTraker;
			productReference = 31F66DD92F309B9D0068C3FB /* PackageTraker.app */;
			productType = "com.apple.product-type.application";
		};
		31F66DE52F309B9E0068C3FB /* PackageTrakerTests */ = {
			isa = PBXNativeTarget;
			buildConfigurationList = 31F66DFD2F309B9E0068C3FB /* Build configuration list for PBXNativeTarget "PackageTrakerTests" */;
			buildPhases = (
				31F66DE22F309B9E0068C3FB /* Sources */,
				31F66DE32F309B9E0068C3FB /* Frameworks */,
				31F66DE42F309B9E0068C3FB /* Resources */,
			);
			buildRules = (
			);
			dependencies = (
				31F66DE82F309B9E0068C3FB /* PBXTargetDependency */,
			);
			fileSystemSynchronizedGroups = (
				31F66DE92F309B9E0068C3FB /* PackageTrakerTests */,
			);
			name = PackageTrakerTests;
			productName = PackageTrakerTests;
			productReference = 31F66DE62F309B9E0068C3FB /* PackageTrakerTests.xctest */;
			productType = "com.apple.product-type.bundle.unit-test";
		};
		31F66DEF2F309B9E0068C3FB /* PackageTrakerUITests */ = {
			isa = PBXNativeTarget;
			buildConfigurationList = 31F66E002F309B9E0068C3FB /* Build configuration list for PBXNativeTarget "PackageTrakerUITests" */;
			buildPhases = (
				31F66DEC2F309B9E0068C3FB /* Sources */,
				31F66DED2F309B9E0068C3FB /* Frameworks */,
				31F66DEE2F309B9E0068C3FB /* Resources */,
			);
			buildRules = (
			);
			dependencies = (
				31F66DF22F309B9E0068C3FB /* PBXTargetDependency */,
			);
			fileSystemSynchronizedGroups = (
				31F66DF32F309B9E0068C3FB /* PackageTrakerUITests */,
			);
			name = PackageTrakerUITests;
			productName = PackageTrakerUITests;
			productReference = 31F66DF02F309B9E0068C3FB /* PackageTrakerUITests.xctest */;
			productType = "com.apple.product-type.bundle.ui-testing";
		};
/* End PBXNativeTarget section */

/* Begin PBXProject section */
		31F66DD12F309B9D0068C3FB /* Project object */ = {
			isa = PBXProject;
			attributes = {
				BuildIndependentTargetsInParallel = 1;
				LastSwiftUpdateCheck = 2630;
				LastUpgradeCheck = 2620;
				TargetAttributes = {
					31D4CE5E2F5A921B00476EED = {
						CreatedOnToolsVersion = 26.3;
					};
					31F66DD82F309B9D0068C3FB = {
						CreatedOnToolsVersion = 26.2;
					};
					31F66DE52F309B9E0068C3FB = {
						CreatedOnToolsVersion = 26.2;
						TestTargetID = 31F66DD82F309B9D0068C3FB;
					};
					31F66DEF2F309B9E0068C3FB = {
						CreatedOnToolsVersion = 26.2;
						TestTargetID = 31F66DD82F309B9D0068C3FB;
					};
				};
			};
			buildConfigurationList = 31F66DD42F309B9D0068C3FB /* Build configuration list for PBXProject "PackageTraker" */;
			developmentRegion = en;
			hasScannedForEncodings = 0;
			knownRegions = (
				en,
				Base,
				"zh-Hant",
				"zh-Hans",
			);
			mainGroup = 31F66DD02F309B9D0068C3FB;
			minimizedProjectReferenceProxies = 1;
			packageReferences = (
				32A4D1BB2F5B8C4100F6AA01 /* XCRemoteSwiftPackageReference "FluidGradient" */,
				31F66E402F31A6030068C3FB /* XCRemoteSwiftPackageReference "SwiftSoup" */,
				31FB3D632F39959A00104C5C /* XCRemoteSwiftPackageReference "firebase-ios-sdk" */,
			);
			preferredProjectObjectVersion = 77;
			productRefGroup = 31F66DDA2F309B9D0068C3FB /* Products */;
			projectDirPath = "";
			projectRoot = "";
			targets = (
				31F66DD82F309B9D0068C3FB /* PackageTraker */,
				31F66DE52F309B9E0068C3FB /* PackageTrakerTests */,
				31F66DEF2F309B9E0068C3FB /* PackageTrakerUITests */,
				31D4CE5E2F5A921B00476EED /* PackageTrakerWidgetExtension */,
			);
		};
/* End PBXProject section */

/* Begin PBXResourcesBuildPhase section */
		31D4CE5D2F5A921B00476EED /* Resources */ = {
			isa = PBXResourcesBuildPhase;
			buildActionMask = 2147483647;
			files = (
			);
			runOnlyForDeploymentPostprocessing = 0;
		};
		31F66DD72F309B9D0068C3FB /* Resources */ = {
			isa = PBXResourcesBuildPhase;
			buildActionMask = 2147483647;
			files = (
				31FB3D6B2F39967700104C5C /* GoogleService-Info.plist in Resources */,
				3164BEC62F333B6F00DD217B /* box.png in Resources */,
				31C141422F31EF6700EF85BE /* icon/icon.icon in Resources */,
			);
			runOnlyForDeploymentPostprocessing = 0;
		};
		31F66DE42F309B9E0068C3FB /* Resources */ = {
			isa = PBXResourcesBuildPhase;
			buildActionMask = 2147483647;
			files = (
			);
			runOnlyForDeploymentPostprocessing = 0;
		};
		31F66DEE2F309B9E0068C3FB /* Resources */ = {
			isa = PBXResourcesBuildPhase;
			buildActionMask = 2147483647;
			files = (
			);
			runOnlyForDeploymentPostprocessing = 0;
		};
/* End PBXResourcesBuildPhase section */

/* Begin PBXShellScriptBuildPhase section */
		31870D012F4EC6DD003666F3 /* ShellScript */ = {
			isa = PBXShellScriptBuildPhase;
			buildActionMask = 2147483647;
			files = (
			);
			inputFileListPaths = (
			);
			inputPaths = (
				"${DWARF_DSYM_FOLDER_PATH}/${DWARF_DSYM_FILE_NAME}",
				"${DWARF_DSYM_FOLDER_PATH}/${DWARF_DSYM_FILE_NAME}/Contents/Resources/DWARF/${PRODUCT_NAME}",
				"${DWARF_DSYM_FOLDER_PATH}/${DWARF_DSYM_FILE_NAME}/Contents/Info.plist",
				"$(TARGET_BUILD_DIR)/$(UNLOCALIZED_RESOURCES_FOLDER_PATH)/GoogleService-Info.plist",
				"$(TARGET_BUILD_DIR)/$(EXECUTABLE_PATH)",
			);
			outputFileListPaths = (
			);
			outputPaths = (
				"$(DERIVED_FILE_DIR)/firebase-crashlytics-upload",
			);
			runOnlyForDeploymentPostprocessing = 0;
			shellPath = /bin/sh;
			shellScript = "\"${BUILD_DIR%/Build/*}/SourcePackages/checkouts/firebase-ios-sdk/Crashlytics/run\"\n";
		};
/* End PBXShellScriptBuildPhase section */

/* Begin PBXSourcesBuildPhase section */
		31D4CE5B2F5A921B00476EED /* Sources */ = {
			isa = PBXSourcesBuildPhase;
			buildActionMask = 2147483647;
			files = (
			);
			runOnlyForDeploymentPostprocessing = 0;
		};
		31F66DD52F309B9D0068C3FB /* Sources */ = {
			isa = PBXSourcesBuildPhase;
			buildActionMask = 2147483647;
			files = (
			);
			runOnlyForDeploymentPostprocessing = 0;
		};
		31F66DE22F309B9E0068C3FB /* Sources */ = {
			isa = PBXSourcesBuildPhase;
			buildActionMask = 2147483647;
			files = (
			);
			runOnlyForDeploymentPostprocessing = 0;
		};
		31F66DEC2F309B9E0068C3FB /* Sources */ = {
			isa = PBXSourcesBuildPhase;
			buildActionMask = 2147483647;
			files = (
			);
			runOnlyForDeploymentPostprocessing = 0;
		};
/* End PBXSourcesBuildPhase section */

/* Begin PBXTargetDependency section */
		31D4CE6F2F5A921D00476EED /* PBXTargetDependency */ = {
			isa = PBXTargetDependency;
			target = 31D4CE5E2F5A921B00476EED /* PackageTrakerWidgetExtension */;
			targetProxy = 31D4CE6E2F5A921D00476EED /* PBXContainerItemProxy */;
		};
		31F66DE82F309B9E0068C3FB /* PBXTargetDependency */ = {
			isa = PBXTargetDependency;
			target = 31F66DD82F309B9D0068C3FB /* PackageTraker */;
			targetProxy = 31F66DE72F309B9E0068C3FB /* PBXContainerItemProxy */;
		};
		31F66DF22F309B9E0068C3FB /* PBXTargetDependency */ = {
			isa = PBXTargetDependency;
			target = 31F66DD82F309B9D0068C3FB /* PackageTraker */;
			targetProxy = 31F66DF12F309B9E0068C3FB /* PBXContainerItemProxy */;
		};
/* End PBXTargetDependency section */

/* Begin XCBuildConfiguration section */
		31D4CE722F5A921D00476EED /* Debug */ = {
			isa = XCBuildConfiguration;
			buildSettings = {
				ASSETCATALOG_COMPILER_GLOBAL_ACCENT_COLOR_NAME = AccentColor;
				ASSETCATALOG_COMPILER_WIDGET_BACKGROUND_COLOR_NAME = WidgetBackground;
				CODE_SIGN_ENTITLEMENTS = PackageTrakerWidget/PackageTrakerWidget.entitlements;
				CODE_SIGN_IDENTITY = "Apple Development";
				CODE_SIGN_STYLE = Automatic;
				CURRENT_PROJECT_VERSION = 260416;
				DEVELOPMENT_TEAM = 5353WH6FVX;
				GENERATE_INFOPLIST_FILE = YES;
				INFOPLIST_FILE = PackageTrakerWidget/Info.plist;
				INFOPLIST_KEY_CFBundleDisplayName = PackageTrakerWidget;
				INFOPLIST_KEY_NSHumanReadableCopyright = "";
				IPHONEOS_DEPLOYMENT_TARGET = 18.0;
				LD_RUNPATH_SEARCH_PATHS = (
					"$(inherited)",
					"@executable_path/Frameworks",
					"@executable_path/../../Frameworks",
				);
				MARKETING_VERSION = 1.7.0;
				PRODUCT_BUNDLE_IDENTIFIER = com.kenny.PackageTraker.PackageTrakerWidget;
				PRODUCT_NAME = "$(TARGET_NAME)";
				PROVISIONING_PROFILE_SPECIFIER = "";
				SKIP_INSTALL = YES;
				STRING_CATALOG_GENERATE_SYMBOLS = YES;
				SWIFT_APPROACHABLE_CONCURRENCY = YES;
				SWIFT_EMIT_LOC_STRINGS = YES;
				SWIFT_UPCOMING_FEATURE_MEMBER_IMPORT_VISIBILITY = YES;
				SWIFT_VERSION = 5.0;
				TARGETED_DEVICE_FAMILY = "1,2";
			};
			name = Debug;
		};
		31D4CE732F5A921D00476EED /* Release */ = {
			isa = XCBuildConfiguration;
			buildSettings = {
				ASSETCATALOG_COMPILER_GLOBAL_ACCENT_COLOR_NAME = AccentColor;
				ASSETCATALOG_COMPILER_WIDGET_BACKGROUND_COLOR_NAME = WidgetBackground;
				CODE_SIGN_ENTITLEMENTS = PackageTrakerWidget/PackageTrakerWidget.entitlements;
				CODE_SIGN_IDENTITY = "Apple Development";
				CODE_SIGN_STYLE = Automatic;
				CURRENT_PROJECT_VERSION = 260416;
				DEVELOPMENT_TEAM = 5353WH6FVX;
				GENERATE_INFOPLIST_FILE = YES;
				INFOPLIST_FILE = PackageTrakerWidget/Info.plist;
				INFOPLIST_KEY_CFBundleDisplayName = PackageTrakerWidget;
				INFOPLIST_KEY_NSHumanReadableCopyright = "";
				IPHONEOS_DEPLOYMENT_TARGET = 18.0;
				LD_RUNPATH_SEARCH_PATHS = (
					"$(inherited)",
					"@executable_path/Frameworks",
					"@executable_path/../../Frameworks",
				);
				MARKETING_VERSION = 1.7.0;
				PRODUCT_BUNDLE_IDENTIFIER = com.kenny.PackageTraker.PackageTrakerWidget;
				PRODUCT_NAME = "$(TARGET_NAME)";
				PROVISIONING_PROFILE_SPECIFIER = "";
				SKIP_INSTALL = YES;
				STRING_CATALOG_GENERATE_SYMBOLS = YES;
				SWIFT_APPROACHABLE_CONCURRENCY = YES;
				SWIFT_EMIT_LOC_STRINGS = YES;
				SWIFT_UPCOMING_FEATURE_MEMBER_IMPORT_VISIBILITY = YES;
				SWIFT_VERSION = 5.0;
				TARGETED_DEVICE_FAMILY = "1,2";
			};
			name = Release;
		};
		31F66DF82F309B9E0068C3FB /* Debug */ = {
			isa = XCBuildConfiguration;
			buildSettings = {
				ALWAYS_SEARCH_USER_PATHS = NO;
				ASSETCATALOG_COMPILER_GENERATE_SWIFT_ASSET_SYMBOL_EXTENSIONS = YES;
				CLANG_ANALYZER_NONNULL = YES;
				CLANG_ANALYZER_NUMBER_OBJECT_CONVERSION = YES_AGGRESSIVE;
				CLANG_CXX_LANGUAGE_STANDARD = "gnu++20";
				CLANG_ENABLE_MODULES = YES;
				CLANG_ENABLE_OBJC_ARC = YES;
				CLANG_ENABLE_OBJC_WEAK = YES;
				CLANG_WARN_BLOCK_CAPTURE_AUTORELEASING = YES;
				CLANG_WARN_BOOL_CONVERSION = YES;
				CLANG_WARN_COMMA = YES;
				CLANG_WARN_CONSTANT_CONVERSION = YES;
				CLANG_WARN_DEPRECATED_OBJC_IMPLEMENTATIONS = YES;
				CLANG_WARN_DIRECT_OBJC_ISA_USAGE = YES_ERROR;
				CLANG_WARN_DOCUMENTATION_COMMENTS = YES;
				CLANG_WARN_EMPTY_BODY = YES;
				CLANG_WARN_ENUM_CONVERSION = YES;
				CLANG_WARN_INFINITE_RECURSION = YES;
				CLANG_WARN_INT_CONVERSION = YES;
				CLANG_WARN_NON_LITERAL_NULL_CONVERSION = YES;
				CLANG_WARN_OBJC_IMPLICIT_RETAIN_SELF = YES;
				CLANG_WARN_OBJC_LITERAL_CONVERSION = YES;
				CLANG_WARN_OBJC_ROOT_CLASS = YES_ERROR;
				CLANG_WARN_QUOTED_INCLUDE_IN_FRAMEWORK_HEADER = YES;
				CLANG_WARN_RANGE_LOOP_ANALYSIS = YES;
				CLANG_WARN_STRICT_PROTOTYPES = YES;
				CLANG_WARN_SUSPICIOUS_MOVE = YES;
				CLANG_WARN_UNGUARDED_AVAILABILITY = YES_AGGRESSIVE;
				CLANG_WARN_UNREACHABLE_CODE = YES;
				CLANG_WARN__DUPLICATE_METHOD_MATCH = YES;
				COPY_PHASE_STRIP = NO;
				DEBUG_INFORMATION_FORMAT = dwarf;
				DEVELOPMENT_TEAM = 5353WH6FVX;
				ENABLE_STRICT_OBJC_MSGSEND = YES;
				ENABLE_TESTABILITY = YES;
				ENABLE_USER_SCRIPT_SANDBOXING = YES;
				GCC_C_LANGUAGE_STANDARD = gnu17;
				GCC_DYNAMIC_NO_PIC = NO;
				GCC_NO_COMMON_BLOCKS = YES;
				GCC_OPTIMIZATION_LEVEL = 0;
				GCC_PREPROCESSOR_DEFINITIONS = (
					"DEBUG=1",
					"$(inherited)",
				);
				GCC_WARN_64_TO_32_BIT_CONVERSION = YES;
				GCC_WARN_ABOUT_RETURN_TYPE = YES_ERROR;
				GCC_WARN_UNDECLARED_SELECTOR = YES;
				GCC_WARN_UNINITIALIZED_AUTOS = YES_AGGRESSIVE;
				GCC_WARN_UNUSED_FUNCTION = YES;
				GCC_WARN_UNUSED_VARIABLE = YES;
				IPHONEOS_DEPLOYMENT_TARGET = 26.2;
				LOCALIZATION_PREFERS_STRING_CATALOGS = YES;
				MTL_ENABLE_DEBUG_INFO = INCLUDE_SOURCE;
				MTL_FAST_MATH = YES;
				ONLY_ACTIVE_ARCH = YES;
				SDKROOT = iphoneos;
				SWIFT_ACTIVE_COMPILATION_CONDITIONS = "DEBUG $(inherited)";
				SWIFT_OPTIMIZATION_LEVEL = "-Onone";
			};
			name = Debug;
		};
		31F66DF92F309B9E0068C3FB /* Release */ = {
			isa = XCBuildConfiguration;
			buildSettings = {
				ALWAYS_SEARCH_USER_PATHS = NO;
				ASSETCATALOG_COMPILER_GENERATE_SWIFT_ASSET_SYMBOL_EXTENSIONS = YES;
				CLANG_ANALYZER_NONNULL = YES;
				CLANG_ANALYZER_NUMBER_OBJECT_CONVERSION = YES_AGGRESSIVE;
				CLANG_CXX_LANGUAGE_STANDARD = "gnu++20";
				CLANG_ENABLE_MODULES = YES;
				CLANG_ENABLE_OBJC_ARC = YES;
				CLANG_ENABLE_OBJC_WEAK = YES;
				CLANG_WARN_BLOCK_CAPTURE_AUTORELEASING = YES;
				CLANG_WARN_BOOL_CONVERSION = YES;
				CLANG_WARN_COMMA = YES;
				CLANG_WARN_CONSTANT_CONVERSION = YES;
				CLANG_WARN_DEPRECATED_OBJC_IMPLEMENTATIONS = YES;
				CLANG_WARN_DIRECT_OBJC_ISA_USAGE = YES_ERROR;
				CLANG_WARN_DOCUMENTATION_COMMENTS = YES;
				CLANG_WARN_EMPTY_BODY = YES;
				CLANG_WARN_ENUM_CONVERSION = YES;
				CLANG_WARN_INFINITE_RECURSION = YES;
				CLANG_WARN_INT_CONVERSION = YES;
				CLANG_WARN_NON_LITERAL_NULL_CONVERSION = YES;
				CLANG_WARN_OBJC_IMPLICIT_RETAIN_SELF = YES;
				CLANG_WARN_OBJC_LITERAL_CONVERSION = YES;
				CLANG_WARN_OBJC_ROOT_CLASS = YES_ERROR;
				CLANG_WARN_QUOTED_INCLUDE_IN_FRAMEWORK_HEADER = YES;
				CLANG_WARN_RANGE_LOOP_ANALYSIS = YES;
				CLANG_WARN_STRICT_PROTOTYPES = YES;
				CLANG_WARN_SUSPICIOUS_MOVE = YES;
				CLANG_WARN_UNGUARDED_AVAILABILITY = YES_AGGRESSIVE;
				CLANG_WARN_UNREACHABLE_CODE = YES;
				CLANG_WARN__DUPLICATE_METHOD_MATCH = YES;
				COPY_PHASE_STRIP = NO;
				DEBUG_INFORMATION_FORMAT = "dwarf-with-dsym";
				DEVELOPMENT_TEAM = 5353WH6FVX;
				ENABLE_NS_ASSERTIONS = NO;
				ENABLE_STRICT_OBJC_MSGSEND = YES;
				ENABLE_USER_SCRIPT_SANDBOXING = YES;
				GCC_C_LANGUAGE_STANDARD = gnu17;
				GCC_NO_COMMON_BLOCKS = YES;
				GCC_WARN_64_TO_32_BIT_CONVERSION = YES;
				GCC_WARN_ABOUT_RETURN_TYPE = YES_ERROR;
				GCC_WARN_UNDECLARED_SELECTOR = YES;
				GCC_WARN_UNINITIALIZED_AUTOS = YES_AGGRESSIVE;
				GCC_WARN_UNUSED_FUNCTION = YES;
				GCC_WARN_UNUSED_VARIABLE = YES;
				IPHONEOS_DEPLOYMENT_TARGET = 26.2;
				LOCALIZATION_PREFERS_STRING_CATALOGS = YES;
				MTL_ENABLE_DEBUG_INFO = NO;
				MTL_FAST_MATH = YES;
				SDKROOT = iphoneos;
				SWIFT_COMPILATION_MODE = wholemodule;
				VALIDATE_PRODUCT = YES;
			};
			name = Release;
		};
		31F66DFB2F309B9E0068C3FB /* Debug */ = {
			isa = XCBuildConfiguration;
			buildSettings = {
				ASSETCATALOG_COMPILER_APPICON_NAME = AppIcon;
				ASSETCATALOG_COMPILER_GLOBAL_ACCENT_COLOR_NAME = AccentColor;
				CODE_SIGN_ENTITLEMENTS = PackageTraker/PackageTraker.entitlements;
				CODE_SIGN_IDENTITY = "Apple Development";
				CODE_SIGN_STYLE = Automatic;
				CURRENT_PROJECT_VERSION = 260416;
				DEVELOPMENT_TEAM = 5353WH6FVX;
				ENABLE_PREVIEWS = YES;
				GENERATE_INFOPLIST_FILE = YES;
				INFOPLIST_FILE = PackageTraker/Info.plist;
				INFOPLIST_KEY_UIApplicationSceneManifest_Generation = YES;
				INFOPLIST_KEY_UIApplicationSupportsIndirectInputEvents = YES;
				INFOPLIST_KEY_UISupportedInterfaceOrientations_iPhone = UIInterfaceOrientationPortrait;
				IPHONEOS_DEPLOYMENT_TARGET = 18.0;
				LD_RUNPATH_SEARCH_PATHS = (
					"$(inherited)",
					"@executable_path/Frameworks",
				);
				MARKETING_VERSION = 1.7.0;
				PRODUCT_BUNDLE_IDENTIFIER = com.kenny.PackageTraker;
				PRODUCT_NAME = "$(TARGET_NAME)";
				PROVISIONING_PROFILE_SPECIFIER = "";
				STRING_CATALOG_GENERATE_SYMBOLS = YES;
				SWIFT_APPROACHABLE_CONCURRENCY = YES;
				SWIFT_DEFAULT_ACTOR_ISOLATION = MainActor;
				SWIFT_EMIT_LOC_STRINGS = YES;
				SWIFT_UPCOMING_FEATURE_MEMBER_IMPORT_VISIBILITY = YES;
				SWIFT_VERSION = 5.0;
				TARGETED_DEVICE_FAMILY = 1;
			};
			name = Debug;
		};
		31F66DFC2F309B9E0068C3FB /* Release */ = {
			isa = XCBuildConfiguration;
			buildSettings = {
				ASSETCATALOG_COMPILER_APPICON_NAME = AppIcon;
				ASSETCATALOG_COMPILER_GLOBAL_ACCENT_COLOR_NAME = AccentColor;
				CODE_SIGN_ENTITLEMENTS = PackageTraker/PackageTraker.entitlements;
				CODE_SIGN_IDENTITY = "Apple Development";
				CODE_SIGN_STYLE = Automatic;
				CURRENT_PROJECT_VERSION = 260416;
				DEVELOPMENT_TEAM = 5353WH6FVX;
				ENABLE_PREVIEWS = YES;
				GENERATE_INFOPLIST_FILE = YES;
				INFOPLIST_FILE = PackageTraker/Info.plist;
				INFOPLIST_KEY_UIApplicationSceneManifest_Generation = YES;
				INFOPLIST_KEY_UIApplicationSupportsIndirectInputEvents = YES;
				INFOPLIST_KEY_UISupportedInterfaceOrientations_iPhone = UIInterfaceOrientationPortrait;
				IPHONEOS_DEPLOYMENT_TARGET = 18.0;
				LD_RUNPATH_SEARCH_PATHS = (
					"$(inherited)",
					"@executable_path/Frameworks",
				);
				MARKETING_VERSION = 1.7.0;
				PRODUCT_BUNDLE_IDENTIFIER = com.kenny.PackageTraker;
				PRODUCT_NAME = "$(TARGET_NAME)";
				PROVISIONING_PROFILE_SPECIFIER = "";
				STRING_CATALOG_GENERATE_SYMBOLS = YES;
				SWIFT_APPROACHABLE_CONCURRENCY = YES;
				SWIFT_DEFAULT_ACTOR_ISOLATION = MainActor;
				SWIFT_EMIT_LOC_STRINGS = YES;
				SWIFT_UPCOMING_FEATURE_MEMBER_IMPORT_VISIBILITY = YES;
				SWIFT_VERSION = 5.0;
				TARGETED_DEVICE_FAMILY = 1;
			};
			name = Release;
		};
		31F66DFE2F309B9E0068C3FB /* Debug */ = {
			isa = XCBuildConfiguration;
			buildSettings = {
				BUNDLE_LOADER = "$(TEST_HOST)";
				CODE_SIGN_STYLE = Automatic;
				CURRENT_PROJECT_VERSION = 260416;
				DEVELOPMENT_TEAM = 5353WH6FVX;
				GENERATE_INFOPLIST_FILE = YES;
				IPHONEOS_DEPLOYMENT_TARGET = 26.2;
				MARKETING_VERSION = 1.7.0;
				PRODUCT_BUNDLE_IDENTIFIER = com.kenny.PackageTrakerTests;
				PRODUCT_NAME = "$(TARGET_NAME)";
				STRING_CATALOG_GENERATE_SYMBOLS = NO;
				SWIFT_APPROACHABLE_CONCURRENCY = YES;
				SWIFT_EMIT_LOC_STRINGS = NO;
				SWIFT_UPCOMING_FEATURE_MEMBER_IMPORT_VISIBILITY = YES;
				SWIFT_VERSION = 5.0;
				TARGETED_DEVICE_FAMILY = "1,2";
				TEST_HOST = "$(BUILT_PRODUCTS_DIR)/PackageTraker.app/$(BUNDLE_EXECUTABLE_FOLDER_PATH)/PackageTraker";
			};
			name = Debug;
		};
		31F66DFF2F309B9E0068C3FB /* Release */ = {
			isa = XCBuildConfiguration;
			buildSettings = {
				BUNDLE_LOADER = "$(TEST_HOST)";
				CODE_SIGN_STYLE = Automatic;
				CURRENT_PROJECT_VERSION = 260416;
				DEVELOPMENT_TEAM = 5353WH6FVX;
				GENERATE_INFOPLIST_FILE = YES;
				IPHONEOS_DEPLOYMENT_TARGET = 26.2;
				MARKETING_VERSION = 1.7.0;
				PRODUCT_BUNDLE_IDENTIFIER = com.kenny.PackageTrakerTests;
				PRODUCT_NAME = "$(TARGET_NAME)";
				STRING_CATALOG_GENERATE_SYMBOLS = NO;
				SWIFT_APPROACHABLE_CONCURRENCY = YES;
				SWIFT_EMIT_LOC_STRINGS = NO;
				SWIFT_UPCOMING_FEATURE_MEMBER_IMPORT_VISIBILITY = YES;
				SWIFT_VERSION = 5.0;
				TARGETED_DEVICE_FAMILY = "1,2";
				TEST_HOST = "$(BUILT_PRODUCTS_DIR)/PackageTraker.app/$(BUNDLE_EXECUTABLE_FOLDER_PATH)/PackageTraker";
			};
			name = Release;
		};
		31F66E012F309B9E0068C3FB /* Debug */ = {
			isa = XCBuildConfiguration;
			buildSettings = {
				CODE_SIGN_STYLE = Automatic;
				CURRENT_PROJECT_VERSION = 260416;
				DEVELOPMENT_TEAM = 5353WH6FVX;
				GENERATE_INFOPLIST_FILE = YES;
				MARKETING_VERSION = 1.7.0;
				PRODUCT_BUNDLE_IDENTIFIER = com.kenny.PackageTrakerUITests;
				PRODUCT_NAME = "$(TARGET_NAME)";
				STRING_CATALOG_GENERATE_SYMBOLS = NO;
				SWIFT_APPROACHABLE_CONCURRENCY = YES;
				SWIFT_EMIT_LOC_STRINGS = NO;
				SWIFT_UPCOMING_FEATURE_MEMBER_IMPORT_VISIBILITY = YES;
				SWIFT_VERSION = 5.0;
				TARGETED_DEVICE_FAMILY = "1,2";
				TEST_TARGET_NAME = PackageTraker;
			};
			name = Debug;
		};
		31F66E022F309B9E0068C3FB /* Release */ = {
			isa = XCBuildConfiguration;
			buildSettings = {
				CODE_SIGN_STYLE = Automatic;
				CURRENT_PROJECT_VERSION = 260416;
				DEVELOPMENT_TEAM = 5353WH6FVX;
				GENERATE_INFOPLIST_FILE = YES;
				MARKETING_VERSION = 1.7.0;
				PRODUCT_BUNDLE_IDENTIFIER = com.kenny.PackageTrakerUITests;
				PRODUCT_NAME = "$(TARGET_NAME)";
				STRING_CATALOG_GENERATE_SYMBOLS = NO;
				SWIFT_APPROACHABLE_CONCURRENCY = YES;
				SWIFT_EMIT_LOC_STRINGS = NO;
				SWIFT_UPCOMING_FEATURE_MEMBER_IMPORT_VISIBILITY = YES;
				SWIFT_VERSION = 5.0;
				TARGETED_DEVICE_FAMILY = "1,2";
				TEST_TARGET_NAME = PackageTraker;
			};
			name = Release;
		};
/* End XCBuildConfiguration section */

/* Begin XCConfigurationList section */
		31D4CE742F5A921D00476EED /* Build configuration list for PBXNativeTarget "PackageTrakerWidgetExtension" */ = {
			isa = XCConfigurationList;
			buildConfigurations = (
				31D4CE722F5A921D00476EED /* Debug */,
				31D4CE732F5A921D00476EED /* Release */,
			);
			defaultConfigurationIsVisible = 0;
			defaultConfigurationName = Release;
		};
		31F66DD42F309B9D0068C3FB /* Build configuration list for PBXProject "PackageTraker" */ = {
			isa = XCConfigurationList;
			buildConfigurations = (
				31F66DF82F309B9E0068C3FB /* Debug */,
				31F66DF92F309B9E0068C3FB /* Release */,
			);
			defaultConfigurationIsVisible = 0;
			defaultConfigurationName = Release;
		};
		31F66DFA2F309B9E0068C3FB /* Build configuration list for PBXNativeTarget "PackageTraker" */ = {
			isa = XCConfigurationList;
			buildConfigurations = (
				31F66DFB2F309B9E0068C3FB /* Debug */,
				31F66DFC2F309B9E0068C3FB /* Release */,
			);
			defaultConfigurationIsVisible = 0;
			defaultConfigurationName = Release;
		};
		31F66DFD2F309B9E0068C3FB /* Build configuration list for PBXNativeTarget "PackageTrakerTests" */ = {
			isa = XCConfigurationList;
			buildConfigurations = (
				31F66DFE2F309B9E0068C3FB /* Debug */,
				31F66DFF2F309B9E0068C3FB /* Release */,
			);
			defaultConfigurationIsVisible = 0;
			defaultConfigurationName = Release;
		};
		31F66E002F309B9E0068C3FB /* Build configuration list for PBXNativeTarget "PackageTrakerUITests" */ = {
			isa = XCConfigurationList;
			buildConfigurations = (
				31F66E012F309B9E0068C3FB /* Debug */,
				31F66E022F309B9E0068C3FB /* Release */,
			);
			defaultConfigurationIsVisible = 0;
			defaultConfigurationName = Release;
		};
/* End XCConfigurationList section */

/* Begin XCRemoteSwiftPackageReference section */
		31F66E402F31A6030068C3FB /* XCRemoteSwiftPackageReference "SwiftSoup" */ = {
			isa = XCRemoteSwiftPackageReference;
			repositoryURL = "https://github.com/scinfu/SwiftSoup.git";
			requirement = {
				kind = upToNextMajorVersion;
				minimumVersion = 2.11.3;
			};
		};
		31FB3D632F39959A00104C5C /* XCRemoteSwiftPackageReference "firebase-ios-sdk" */ = {
			isa = XCRemoteSwiftPackageReference;
			repositoryURL = "https://github.com/firebase/firebase-ios-sdk";
			requirement = {
				kind = upToNextMajorVersion;
				minimumVersion = 12.9.0;
			};
		};
		32A4D1BB2F5B8C4100F6AA01 /* XCRemoteSwiftPackageReference "FluidGradient" */ = {
			isa = XCRemoteSwiftPackageReference;
			repositoryURL = "https://github.com/Cindori/FluidGradient.git";
			requirement = {
				kind = upToNextMajorVersion;
				minimumVersion = 1.0.0;
			};
		};
/* End XCRemoteSwiftPackageReference section */

/* Begin XCSwiftPackageProductDependency section */
		31870CFB2F4EC6A6003666F3 /* FirebaseCrashlytics */ = {
			isa = XCSwiftPackageProductDependency;
			package = 31FB3D632F39959A00104C5C /* XCRemoteSwiftPackageReference "firebase-ios-sdk" */;
			productName = FirebaseCrashlytics;
		};
		31870CFD2F4EC6AF003666F3 /* FirebaseAnalytics */ = {
			isa = XCSwiftPackageProductDependency;
			package = 31FB3D632F39959A00104C5C /* XCRemoteSwiftPackageReference "firebase-ios-sdk" */;
			productName = FirebaseAnalytics;
		};
		31870CFF2F4EC6B6003666F3 /* FirebaseFunctions */ = {
			isa = XCSwiftPackageProductDependency;
			package = 31FB3D632F39959A00104C5C /* XCRemoteSwiftPackageReference "firebase-ios-sdk" */;
			productName = FirebaseFunctions;
		};
		31F8BF602F8784E000D128AA /* FirebaseRemoteConfig */ = {
			isa = XCSwiftPackageProductDependency;
			package = 31FB3D632F39959A00104C5C /* XCRemoteSwiftPackageReference "firebase-ios-sdk" */;
			productName = FirebaseRemoteConfig;
		};
		31FB3D642F39959A00104C5C /* FirebaseAuth */ = {
			isa = XCSwiftPackageProductDependency;
			package = 31FB3D632F39959A00104C5C /* XCRemoteSwiftPackageReference "firebase-ios-sdk" */;
			productName = FirebaseAuth;
		};
		31FB3D662F39959A00104C5C /* FirebaseFirestore */ = {
			isa = XCSwiftPackageProductDependency;
			package = 31FB3D632F39959A00104C5C /* XCRemoteSwiftPackageReference "firebase-ios-sdk" */;
			productName = FirebaseFirestore;
		};
		31FB3D682F39959A00104C5C /* FirebaseMessaging */ = {
			isa = XCSwiftPackageProductDependency;
			package = 31FB3D632F39959A00104C5C /* XCRemoteSwiftPackageReference "firebase-ios-sdk" */;
			productName = FirebaseMessaging;
		};
		32A4D1BA2F5B8C4100F6AA01 /* FluidGradient */ = {
			isa = XCSwiftPackageProductDependency;
			package = 32A4D1BB2F5B8C4100F6AA01 /* XCRemoteSwiftPackageReference "FluidGradient" */;
			productName = FluidGradient;
		};
/* End XCSwiftPackageProductDependency section */
	};
	rootObject = 31F66DD12F309B9D0068C3FB /* Project object */;
}
